
Microsoft Visual Studio Solution File, Format Version 12.00
# Visual Studio 2012
Project("{FAE04EC0-301F-11D3-BF4B-00C04F79EFBC}") = "Z2ZService", "Z2ZService\Z2ZService.csproj", "{6AF9F69C-157B-4BB1-A1D5-987DE08A713B}"
EndProject
Global
	GlobalSection(SolutionConfigurationPlatforms) = preSolution
		Debug|Any CPU = Debug|Any CPU
		Release|Any CPU = Release|Any CPU
	EndGlobalSection
	GlobalSection(ProjectConfigurationPlatforms) = postSolution
		{6AF9F69C-157B-4BB1-A1D5-987DE08A713B}.Debug|Any CPU.ActiveCfg = Debug|Any CPU
		{6AF9F69C-157B-4BB1-A1D5-987DE08A713B}.Debug|Any CPU.Build.0 = Debug|Any CPU
		{6AF9F69C-157B-4BB1-A1D5-987DE08A713B}.Release|Any CPU.ActiveCfg = Release|Any CPU
		{6AF9F69C-157B-4BB1-A1D5-987DE08A713B}.Release|Any CPU.Build.0 = Release|Any CPU
	EndGlobalSection
	GlobalSection(SolutionProperties) = preSolution
		HideSolutionNode = FALSE
	EndGlobalSection
EndGlobal
