
Microsoft Visual Studio Solution File, Format Version 12.00
# Visual Studio 2012
Project("{FAE04EC0-301F-11D3-BF4B-00C04F79EFBC}") = "z2zWebApp", "z2zWebApp\z2zWebApp.csproj", "{2987EDAB-9E96-46B8-BBAE-4DA831460DCA}"
EndProject
Global
	GlobalSection(SolutionConfigurationPlatforms) = preSolution
		Debug|Any CPU = Debug|Any CPU
		Release|Any CPU = Release|Any CPU
	EndGlobalSection
	GlobalSection(ProjectConfigurationPlatforms) = postSolution
		{2987EDAB-9E96-46B8-BBAE-4DA831460DCA}.Debug|Any CPU.ActiveCfg = Debug|Any CPU
		{2987EDAB-9E96-46B8-BBAE-4DA831460DCA}.Debug|Any CPU.Build.0 = Debug|Any CPU
		{2987EDAB-9E96-46B8-BBAE-4DA831460DCA}.Release|Any CPU.ActiveCfg = Release|Any CPU
		{2987EDAB-9E96-46B8-BBAE-4DA831460DCA}.Release|Any CPU.Build.0 = Release|Any CPU
	EndGlobalSection
	GlobalSection(SolutionProperties) = preSolution
		HideSolutionNode = FALSE
	EndGlobalSection
EndGlobal
