
Microsoft Visual Studio Solution File, Format Version 12.00
# Visual Studio 2012
Project("{FAE04EC0-301F-11D3-BF4B-00C04F79EFBC}") = "D3 Test Facility", "D3 Test Facility\D3 Test Facility.csproj", "{DCA75DC3-81E1-4770-803B-7C45FADF0110}"
EndProject
Global
	GlobalSection(SolutionConfigurationPlatforms) = preSolution
		Debug|Any CPU = Debug|Any CPU
		Release|Any CPU = Release|Any CPU
	EndGlobalSection
	GlobalSection(ProjectConfigurationPlatforms) = postSolution
		{DCA75DC3-81E1-4770-803B-7C45FADF0110}.Debug|Any CPU.ActiveCfg = Debug|Any CPU
		{DCA75DC3-81E1-4770-803B-7C45FADF0110}.Debug|Any CPU.Build.0 = Debug|Any CPU
		{DCA75DC3-81E1-4770-803B-7C45FADF0110}.Release|Any CPU.ActiveCfg = Release|Any CPU
		{DCA75DC3-81E1-4770-803B-7C45FADF0110}.Release|Any CPU.Build.0 = Release|Any CPU
	EndGlobalSection
	GlobalSection(SolutionProperties) = preSolution
		HideSolutionNode = FALSE
	EndGlobalSection
EndGlobal
