
Microsoft Visual Studio Solution File, Format Version 12.00
# Visual Studio 2012
Project("{FAE04EC0-301F-11D3-BF4B-00C04F79EFBC}") = "Z2ZData", "Z2ZData\Z2ZData.csproj", "{B8E55E03-2922-4C8D-9BD0-C3C0BE9DD7CC}"
EndProject
Global
	GlobalSection(SolutionConfigurationPlatforms) = preSolution
		Debug|Any CPU = Debug|Any CPU
		Release|Any CPU = Release|Any CPU
	EndGlobalSection
	GlobalSection(ProjectConfigurationPlatforms) = postSolution
		{B8E55E03-2922-4C8D-9BD0-C3C0BE9DD7CC}.Debug|Any CPU.ActiveCfg = Debug|Any CPU
		{B8E55E03-2922-4C8D-9BD0-C3C0BE9DD7CC}.Debug|Any CPU.Build.0 = Debug|Any CPU
		{B8E55E03-2922-4C8D-9BD0-C3C0BE9DD7CC}.Release|Any CPU.ActiveCfg = Release|Any CPU
		{B8E55E03-2922-4C8D-9BD0-C3C0BE9DD7CC}.Release|Any CPU.Build.0 = Release|Any CPU
	EndGlobalSection
	GlobalSection(SolutionProperties) = preSolution
		HideSolutionNode = FALSE
	EndGlobalSection
EndGlobal
